// !$*UTF8*$!
{
	archiveVersion = 1;
	classes = {
	};
	objectVersion = 46;
	objects = {

/* Begin PBXBuildFile section */
		2F39613616327F8400EAB096 /* Icon 2.png in Resources */ = {isa = PBXBuildFile; fileRef = 2F39612916327F8400EAB096 /* Icon 2.png */; };
		2F39613716327F8400EAB096 /* Icon.png in Resources */ = {isa = PBXBuildFile; fileRef = 2F39612A16327F8400EAB096 /* Icon.png */; };
		2F39613816327F8400EAB096 /* Icon@2x.png in Resources */ = {isa = PBXBuildFile; fileRef = 2F39612B16327F8400EAB096 /* Icon@2x.png */; };
		2F39613916327F8400EAB096 /* lindan.gif in Resources */ = {isa = PBXBuildFile; fileRef = 2F39612C16327F8400EAB096 /* lindan.gif */; };
		2F39613A16327F8400EAB096 /* micro_messenger.png in Resources */ = {isa = PBXBuildFile; fileRef = 2F39612D16327F8400EAB096 /* micro_messenger.png */; };
		2F39613B16327F8400EAB096 /* res1.jpg in Resources */ = {isa = PBXBuildFile; fileRef = 2F39612E16327F8400EAB096 /* res1.jpg */; };
		2F39613C16327F8400EAB096 /* res1thumb.png in Resources */ = {isa = PBXBuildFile; fileRef = 2F39612F16327F8400EAB096 /* res1thumb.png */; };
		2F39613D16327F8400EAB096 /* res2.jpg in Resources */ = {isa = PBXBuildFile; fileRef = 2F39613016327F8400EAB096 /* res2.jpg */; };
		2F39613E16327F8400EAB096 /* res3.jpg in Resources */ = {isa = PBXBuildFile; fileRef = 2F39613116327F8400EAB096 /* res3.jpg */; };
		2F39613F16327F8400EAB096 /* res4.jpg in Resources */ = {isa = PBXBuildFile; fileRef = 2F39613216327F8400EAB096 /* res4.jpg */; };
		2F39614016327F8400EAB096 /* res5.png in Resources */ = {isa = PBXBuildFile; fileRef = 2F39613316327F8400EAB096 /* res5.png */; };
		2F39614116327F8400EAB096 /* res6.gif in Resources */ = {isa = PBXBuildFile; fileRef = 2F39613416327F8400EAB096 /* res6.gif */; };
		2F39614216327F8400EAB096 /* res6thumb.png in Resources */ = {isa = PBXBuildFile; fileRef = 2F39613516327F8400EAB096 /* res6thumb.png */; };
		2F396167163294A400EAB096 /* SendMesgViewController.m in Sources */ = {isa = PBXBuildFile; fileRef = 2F396165163294A400EAB096 /* SendMesgViewController.m */; };
		2F396168163294A400EAB096 /* SendMesgViewController.xib in Resources */ = {isa = PBXBuildFile; fileRef = 2F396166163294A400EAB096 /* SendMesgViewController.xib */; };
		2FA15E5F163122B000FDE960 /* UIKit.framework in Frameworks */ = {isa = PBXBuildFile; fileRef = 2FA15E5E163122B000FDE960 /* UIKit.framework */; };
		2FA15E61163122B000FDE960 /* Foundation.framework in Frameworks */ = {isa = PBXBuildFile; fileRef = 2FA15E60163122B000FDE960 /* Foundation.framework */; };
		2FA15E63163122B000FDE960 /* CoreGraphics.framework in Frameworks */ = {isa = PBXBuildFile; fileRef = 2FA15E62163122B000FDE960 /* CoreGraphics.framework */; };
		2FA15E69163122B000FDE960 /* InfoPlist.strings in Resources */ = {isa = PBXBuildFile; fileRef = 2FA15E67163122B000FDE960 /* InfoPlist.strings */; };
		2FA15E6B163122B000FDE960 /* main.m in Sources */ = {isa = PBXBuildFile; fileRef = 2FA15E6A163122B000FDE960 /* main.m */; };
		2FA15E6F163122B000FDE960 /* AppDelegate.m in Sources */ = {isa = PBXBuildFile; fileRef = 2FA15E6E163122B000FDE960 /* AppDelegate.m */; };
		2FA4FA7F163BC1DF00987D77 /* libWeChatSDK_armv7_armv7s.a in Frameworks */ = {isa = PBXBuildFile; fileRef = 2FA4FA7C163BC1DF00987D77 /* libWeChatSDK_armv7_armv7s.a */; };
/* End PBXBuildFile section */

/* Begin PBXFileReference section */
		2F39612916327F8400EAB096 /* Icon 2.png */ = {isa = PBXFileReference; lastKnownFileType = image.png; path = "Icon 2.png"; sourceTree = "<group>"; };
		2F39612A16327F8400EAB096 /* Icon.png */ = {isa = PBXFileReference; lastKnownFileType = image.png; path = Icon.png; sourceTree = "<group>"; };
		2F39612B16327F8400EAB096 /* Icon@2x.png */ = {isa = PBXFileReference; lastKnownFileType = image.png; path = "Icon@2x.png"; sourceTree = "<group>"; };
		2F39612C16327F8400EAB096 /* lindan.gif */ = {isa = PBXFileReference; lastKnownFileType = image.gif; path = lindan.gif; sourceTree = "<group>"; };
		2F39612D16327F8400EAB096 /* micro_messenger.png */ = {isa = PBXFileReference; lastKnownFileType = image.png; path = micro_messenger.png; sourceTree = "<group>"; };
		2F39612E16327F8400EAB096 /* res1.jpg */ = {isa = PBXFileReference; lastKnownFileType = image.jpeg; path = res1.jpg; sourceTree = "<group>"; };
		2F39612F16327F8400EAB096 /* res1thumb.png */ = {isa = PBXFileReference; lastKnownFileType = image.png; path = res1thumb.png; sourceTree = "<group>"; };
		2F39613016327F8400EAB096 /* res2.jpg */ = {isa = PBXFileReference; lastKnownFileType = image.jpeg; path = res2.jpg; sourceTree = "<group>"; };
		2F39613116327F8400EAB096 /* res3.jpg */ = {isa = PBXFileReference; lastKnownFileType = image.jpeg; path = res3.jpg; sourceTree = "<group>"; };
		2F39613216327F8400EAB096 /* res4.jpg */ = {isa = PBXFileReference; lastKnownFileType = image.jpeg; path = res4.jpg; sourceTree = "<group>"; };
		2F39613316327F8400EAB096 /* res5.png */ = {isa = PBXFileReference; lastKnownFileType = image.png; path = res5.png; sourceTree = "<group>"; };
		2F39613416327F8400EAB096 /* res6.gif */ = {isa = PBXFileReference; lastKnownFileType = image.gif; path = res6.gif; sourceTree = "<group>"; };
		2F39613516327F8400EAB096 /* res6thumb.png */ = {isa = PBXFileReference; lastKnownFileType = image.png; path = res6thumb.png; sourceTree = "<group>"; };
		2F396164163294A400EAB096 /* SendMesgViewController.h */ = {isa = PBXFileReference; fileEncoding = 4; lastKnownFileType = sourcecode.c.h; path = SendMesgViewController.h; sourceTree = "<group>"; };
		2F396165163294A400EAB096 /* SendMesgViewController.m */ = {isa = PBXFileReference; fileEncoding = 4; lastKnownFileType = sourcecode.c.objc; path = SendMesgViewController.m; sourceTree = "<group>"; };
		2F396166163294A400EAB096 /* SendMesgViewController.xib */ = {isa = PBXFileReference; fileEncoding = 4; lastKnownFileType = file.xib; path = SendMesgViewController.xib; sourceTree = "<group>"; };
		2FA15E5A163122B000FDE960 /* weixinDemo.app */ = {isa = PBXFileReference; explicitFileType = wrapper.application; includeInIndex = 0; path = weixinDemo.app; sourceTree = BUILT_PRODUCTS_DIR; };
		2FA15E5E163122B000FDE960 /* UIKit.framework */ = {isa = PBXFileReference; lastKnownFileType = wrapper.framework; name = UIKit.framework; path = System/Library/Frameworks/UIKit.framework; sourceTree = SDKROOT; };
		2FA15E60163122B000FDE960 /* Foundation.framework */ = {isa = PBXFileReference; lastKnownFileType = wrapper.framework; name = Foundation.framework; path = System/Library/Frameworks/Foundation.framework; sourceTree = SDKROOT; };
		2FA15E62163122B000FDE960 /* CoreGraphics.framework */ = {isa = PBXFileReference; lastKnownFileType = wrapper.framework; name = CoreGraphics.framework; path = System/Library/Frameworks/CoreGraphics.framework; sourceTree = SDKROOT; };
		2FA15E66163122B000FDE960 /* weixinDemo-Info.plist */ = {isa = PBXFileReference; lastKnownFileType = text.plist.xml; path = "weixinDemo-Info.plist"; sourceTree = "<group>"; };
		2FA15E68163122B000FDE960 /* en */ = {isa = PBXFileReference; lastKnownFileType = text.plist.strings; name = en; path = en.lproj/InfoPlist.strings; sourceTree = "<group>"; };
		2FA15E6A163122B000FDE960 /* main.m */ = {isa = PBXFileReference; lastKnownFileType = sourcecode.c.objc; path = main.m; sourceTree = "<group>"; };
		2FA15E6C163122B000FDE960 /* weixinDemo-Prefix.pch */ = {isa = PBXFileReference; lastKnownFileType = sourcecode.c.h; path = "weixinDemo-Prefix.pch"; sourceTree = "<group>"; };
		2FA15E6D163122B000FDE960 /* AppDelegate.h */ = {isa = PBXFileReference; lastKnownFileType = sourcecode.c.h; path = AppDelegate.h; sourceTree = "<group>"; };
		2FA15E6E163122B000FDE960 /* AppDelegate.m */ = {isa = PBXFileReference; lastKnownFileType = sourcecode.c.objc; path = AppDelegate.m; sourceTree = "<group>"; };
		2FA4FA7C163BC1DF00987D77 /* libWeChatSDK_armv7_armv7s.a */ = {isa = PBXFileReference; lastKnownFileType = archive.ar; path = libWeChatSDK_armv7_armv7s.a; sourceTree = "<group>"; };
		2FA4FA7D163BC1DF00987D77 /* WXApi.h */ = {isa = PBXFileReference; fileEncoding = 4; lastKnownFileType = sourcecode.c.h; path = WXApi.h; sourceTree = "<group>"; };
		2FA4FA7E163BC1DF00987D77 /* WXApiObject.h */ = {isa = PBXFileReference; fileEncoding = 4; lastKnownFileType = sourcecode.c.h; path = WXApiObject.h; sourceTree = "<group>"; };
/* End PBXFileReference section */

/* Begin PBXFrameworksBuildPhase section */
		2FA15E57163122B000FDE960 /* Frameworks */ = {
			isa = PBXFrameworksBuildPhase;
			buildActionMask = 2147483647;
			files = (
				2FA15E5F163122B000FDE960 /* UIKit.framework in Frameworks */,
				2FA15E61163122B000FDE960 /* Foundation.framework in Frameworks */,
				2FA15E63163122B000FDE960 /* CoreGraphics.framework in Frameworks */,
				2FA4FA7F163BC1DF00987D77 /* libWeChatSDK_armv7_armv7s.a in Frameworks */,
			);
			runOnlyForDeploymentPostprocessing = 0;
		};
/* End PBXFrameworksBuildPhase section */

/* Begin PBXGroup section */
		2F39612816327F8400EAB096 /* images */ = {
			isa = PBXGroup;
			children = (
				2F39612916327F8400EAB096 /* Icon 2.png */,
				2F39612A16327F8400EAB096 /* Icon.png */,
				2F39612B16327F8400EAB096 /* Icon@2x.png */,
				2F39612C16327F8400EAB096 /* lindan.gif */,
				2F39612D16327F8400EAB096 /* micro_messenger.png */,
				2F39612E16327F8400EAB096 /* res1.jpg */,
				2F39612F16327F8400EAB096 /* res1thumb.png */,
				2F39613016327F8400EAB096 /* res2.jpg */,
				2F39613116327F8400EAB096 /* res3.jpg */,
				2F39613216327F8400EAB096 /* res4.jpg */,
				2F39613316327F8400EAB096 /* res5.png */,
				2F39613416327F8400EAB096 /* res6.gif */,
				2F39613516327F8400EAB096 /* res6thumb.png */,
			);
			path = images;
			sourceTree = "<group>";
		};
		2FA15E4F163122B000FDE960 = {
			isa = PBXGroup;
			children = (
				2FA4FA7B163BC1DF00987D77 /* WeiXinSDK */,
				2F39612816327F8400EAB096 /* images */,
				2FA15E64163122B000FDE960 /* weixinDemo */,
				2FA15E5D163122B000FDE960 /* Frameworks */,
				2FA15E5B163122B000FDE960 /* Products */,
			);
			sourceTree = "<group>";
		};
		2FA15E5B163122B000FDE960 /* Products */ = {
			isa = PBXGroup;
			children = (
				2FA15E5A163122B000FDE960 /* weixinDemo.app */,
			);
			name = Products;
			sourceTree = "<group>";
		};
		2FA15E5D163122B000FDE960 /* Frameworks */ = {
			isa = PBXGroup;
			children = (
				2FA15E5E163122B000FDE960 /* UIKit.framework */,
				2FA15E60163122B000FDE960 /* Foundation.framework */,
				2FA15E62163122B000FDE960 /* CoreGraphics.framework */,
			);
			name = Frameworks;
			sourceTree = "<group>";
		};
		2FA15E64163122B000FDE960 /* weixinDemo */ = {
			isa = PBXGroup;
			children = (
				2F396164163294A400EAB096 /* SendMesgViewController.h */,
				2F396165163294A400EAB096 /* SendMesgViewController.m */,
				2F396166163294A400EAB096 /* SendMesgViewController.xib */,
				2FA15E6D163122B000FDE960 /* AppDelegate.h */,
				2FA15E6E163122B000FDE960 /* AppDelegate.m */,
				2FA15E65163122B000FDE960 /* Supporting Files */,
			);
			path = weixinDemo;
			sourceTree = "<group>";
		};
		2FA15E65163122B000FDE960 /* Supporting Files */ = {
			isa = PBXGroup;
			children = (
				2FA15E66163122B000FDE960 /* weixinDemo-Info.plist */,
				2FA15E67163122B000FDE960 /* InfoPlist.strings */,
				2FA15E6A163122B000FDE960 /* main.m */,
				2FA15E6C163122B000FDE960 /* weixinDemo-Prefix.pch */,
			);
			name = "Supporting Files";
			sourceTree = "<group>";
		};
		2FA4FA7B163BC1DF00987D77 /* WeiXinSDK */ = {
			isa = PBXGroup;
			children = (
				2FA4FA7C163BC1DF00987D77 /* libWeChatSDK_armv7_armv7s.a */,
				2FA4FA7D163BC1DF00987D77 /* WXApi.h */,
				2FA4FA7E163BC1DF00987D77 /* WXApiObject.h */,
			);
			path = WeiXinSDK;
			sourceTree = "<group>";
		};
/* End PBXGroup section */

/* Begin PBXNativeTarget section */
		2FA15E59163122B000FDE960 /* weixinDemo */ = {
			isa = PBXNativeTarget;
			buildConfigurationList = 2FA15E78163122B000FDE960 /* Build configuration list for PBXNativeTarget "weixinDemo" */;
			buildPhases = (
				2FA15E56163122B000FDE960 /* Sources */,
				2FA15E57163122B000FDE960 /* Frameworks */,
				2FA15E58163122B000FDE960 /* Resources */,
			);
			buildRules = (
			);
			dependencies = (
			);
			name = weixinDemo;
			productName = weixinDemo;
			productReference = 2FA15E5A163122B000FDE960 /* weixinDemo.app */;
			productType = "com.apple.product-type.application";
		};
/* End PBXNativeTarget section */

/* Begin PBXProject section */
		2FA15E51163122B000FDE960 /* Project object */ = {
			isa = PBXProject;
			attributes = {
				LastUpgradeCheck = 0440;
				ORGANIZATIONNAME = leadingwinner;
			};
			buildConfigurationList = 2FA15E54163122B000FDE960 /* Build configuration list for PBXProject "weixinDemo" */;
			compatibilityVersion = "Xcode 3.2";
			developmentRegion = English;
			hasScannedForEncodings = 0;
			knownRegions = (
				en,
			);
			mainGroup = 2FA15E4F163122B000FDE960;
			productRefGroup = 2FA15E5B163122B000FDE960 /* Products */;
			projectDirPath = "";
			projectRoot = "";
			targets = (
				2FA15E59163122B000FDE960 /* weixinDemo */,
			);
		};
/* End PBXProject section */

/* Begin PBXResourcesBuildPhase section */
		2FA15E58163122B000FDE960 /* Resources */ = {
			isa = PBXResourcesBuildPhase;
			buildActionMask = 2147483647;
			files = (
				2FA15E69163122B000FDE960 /* InfoPlist.strings in Resources */,
				2F39613616327F8400EAB096 /* Icon 2.png in Resources */,
				2F39613716327F8400EAB096 /* Icon.png in Resources */,
				2F39613816327F8400EAB096 /* Icon@2x.png in Resources */,
				2F39613916327F8400EAB096 /* lindan.gif in Resources */,
				2F39613A16327F8400EAB096 /* micro_messenger.png in Resources */,
				2F39613B16327F8400EAB096 /* res1.jpg in Resources */,
				2F39613C16327F8400EAB096 /* res1thumb.png in Resources */,
				2F39613D16327F8400EAB096 /* res2.jpg in Resources */,
				2F39613E16327F8400EAB096 /* res3.jpg in Resources */,
				2F39613F16327F8400EAB096 /* res4.jpg in Resources */,
				2F39614016327F8400EAB096 /* res5.png in Resources */,
				2F39614116327F8400EAB096 /* res6.gif in Resources */,
				2F39614216327F8400EAB096 /* res6thumb.png in Resources */,
				2F396168163294A400EAB096 /* SendMesgViewController.xib in Resources */,
			);
			runOnlyForDeploymentPostprocessing = 0;
		};
/* End PBXResourcesBuildPhase section */

/* Begin PBXSourcesBuildPhase section */
		2FA15E56163122B000FDE960 /* Sources */ = {
			isa = PBXSourcesBuildPhase;
			buildActionMask = 2147483647;
			files = (
				2FA15E6B163122B000FDE960 /* main.m in Sources */,
				2FA15E6F163122B000FDE960 /* AppDelegate.m in Sources */,
				2F396167163294A400EAB096 /* SendMesgViewController.m in Sources */,
			);
			runOnlyForDeploymentPostprocessing = 0;
		};
/* End PBXSourcesBuildPhase section */

/* Begin PBXVariantGroup section */
		2FA15E67163122B000FDE960 /* InfoPlist.strings */ = {
			isa = PBXVariantGroup;
			children = (
				2FA15E68163122B000FDE960 /* en */,
			);
			name = InfoPlist.strings;
			sourceTree = "<group>";
		};
/* End PBXVariantGroup section */

/* Begin XCBuildConfiguration section */
		2FA15E76163122B000FDE960 /* Debug */ = {
			isa = XCBuildConfiguration;
			buildSettings = {
				ALWAYS_SEARCH_USER_PATHS = NO;
				ARCHS = "$(ARCHS_STANDARD_32_BIT)";
				CLANG_CXX_LANGUAGE_STANDARD = "gnu++0x";
				CLANG_WARN__DUPLICATE_METHOD_MATCH = YES;
				CODE_SIGN_IDENTITY = "iPhone Distribution: LeCaiHuiFu";
				"CODE_SIGN_IDENTITY[sdk=iphoneos*]" = "iPhone Distribution: LeCaiHuiFu";
				COPY_PHASE_STRIP = NO;
				GCC_C_LANGUAGE_STANDARD = gnu99;
				GCC_DYNAMIC_NO_PIC = NO;
				GCC_OPTIMIZATION_LEVEL = 0;
				GCC_PREPROCESSOR_DEFINITIONS = (
					"DEBUG=1",
					"$(inherited)",
				);
				GCC_SYMBOLS_PRIVATE_EXTERN = NO;
				GCC_VERSION = com.apple.compilers.llvm.clang.1_0;
				GCC_WARN_ABOUT_RETURN_TYPE = YES;
				GCC_WARN_UNINITIALIZED_AUTOS = YES;
				GCC_WARN_UNUSED_VARIABLE = YES;
				IPHONEOS_DEPLOYMENT_TARGET = 5.1;
				SDKROOT = iphoneos;
			};
			name = Debug;
		};
		2FA15E77163122B000FDE960 /* Release */ = {
			isa = XCBuildConfiguration;
			buildSettings = {
				ALWAYS_SEARCH_USER_PATHS = NO;
				ARCHS = "$(ARCHS_STANDARD_32_BIT)";
				CLANG_CXX_LANGUAGE_STANDARD = "gnu++0x";
				CLANG_WARN__DUPLICATE_METHOD_MATCH = YES;
				CODE_SIGN_IDENTITY = "iPhone Distribution: LeCaiHuiFu";
				"CODE_SIGN_IDENTITY[sdk=iphoneos*]" = "iPhone Distribution: LeCaiHuiFu";
				COPY_PHASE_STRIP = YES;
				GCC_C_LANGUAGE_STANDARD = gnu99;
				GCC_VERSION = com.apple.compilers.llvm.clang.1_0;
				GCC_WARN_ABOUT_RETURN_TYPE = YES;
				GCC_WARN_UNINITIALIZED_AUTOS = YES;
				GCC_WARN_UNUSED_VARIABLE = YES;
				IPHONEOS_DEPLOYMENT_TARGET = 5.1;
				OTHER_CFLAGS = "-DNS_BLOCK_ASSERTIONS=1";
				SDKROOT = iphoneos;
				VALIDATE_PRODUCT = YES;
			};
			name = Release;
		};
		2FA15E79163122B000FDE960 /* Debug */ = {
			isa = XCBuildConfiguration;
			buildSettings = {
				CODE_SIGN_IDENTITY = "iPhone Developer: wenjing gao (62M8EY3WG4)";
				GCC_PRECOMPILE_PREFIX_HEADER = YES;
				GCC_PREFIX_HEADER = "weixinDemo/weixinDemo-Prefix.pch";
				INFOPLIST_FILE = "weixinDemo/weixinDemo-Info.plist";
				IPHONEOS_DEPLOYMENT_TARGET = 6.0;
				LIBRARY_SEARCH_PATHS = (
					"$(inherited)",
					"\"$(SRCROOT)/WeChat SDK\"",
					"\"$(SRCROOT)\"",
					"\"$(SRCROOT)/WeiXinSDK\"",
				);
				PRODUCT_NAME = "$(TARGET_NAME)";
				WRAPPER_EXTENSION = app;
			};
			name = Debug;
		};
		2FA15E7A163122B000FDE960 /* Release */ = {
			isa = XCBuildConfiguration;
			buildSettings = {
				CODE_SIGN_IDENTITY = "iPhone Distribution: LeCaiHuiFu";
				"CODE_SIGN_IDENTITY[sdk=iphoneos*]" = "iPhone Developer: wenjing gao (62M8EY3WG4)";
				GCC_PRECOMPILE_PREFIX_HEADER = YES;
				GCC_PREFIX_HEADER = "weixinDemo/weixinDemo-Prefix.pch";
				INFOPLIST_FILE = "weixinDemo/weixinDemo-Info.plist";
				IPHONEOS_DEPLOYMENT_TARGET = 6.0;
				LIBRARY_SEARCH_PATHS = (
					"$(inherited)",
					"\"$(SRCROOT)/WeChat SDK\"",
					"\"$(SRCROOT)\"",
					"\"$(SRCROOT)/WeiXinSDK\"",
				);
				PRODUCT_NAME = "$(TARGET_NAME)";
				WRAPPER_EXTENSION = app;
			};
			name = Release;
		};
/* End XCBuildConfiguration section */

/* Begin XCConfigurationList section */
		2FA15E54163122B000FDE960 /* Build configuration list for PBXProject "weixinDemo" */ = {
			isa = XCConfigurationList;
			buildConfigurations = (
				2FA15E76163122B000FDE960 /* Debug */,
				2FA15E77163122B000FDE960 /* Release */,
			);
			defaultConfigurationIsVisible = 0;
			defaultConfigurationName = Release;
		};
		2FA15E78163122B000FDE960 /* Build configuration list for PBXNativeTarget "weixinDemo" */ = {
			isa = XCConfigurationList;
			buildConfigurations = (
				2FA15E79163122B000FDE960 /* Debug */,
				2FA15E7A163122B000FDE960 /* Release */,
			);
			defaultConfigurationIsVisible = 0;
			defaultConfigurationName = Release;
		};
/* End XCConfigurationList section */
	};
	rootObject = 2FA15E51163122B000FDE960 /* Project object */;
}
